// !$*UTF8*$!
{
	archiveVersion = 1;
	classes = {
	};
	objectVersion = 46;
	objects = {

/* Begin PBXBuildFile section */
		6D16A95F1D33EB5700C841E0 /* HypnosisView.m in Sources */ = {isa = PBXBuildFile; fileRef = 6D16A95E1D33EB5700C841E0 /* HypnosisView.m */; };
		C74443DD1D2FD3CD008D50DF /* main.m in Sources */ = {isa = PBXBuildFile; fileRef = C74443DC1D2FD3CD008D50DF /* main.m */; };
		C74443E01D2FD3CD008D50DF /* AppDelegate.m in Sources */ = {isa = PBXBuildFile; fileRef = C74443DF1D2FD3CD008D50DF /* AppDelegate.m */; };
		C74443E31D2FD3CD008D50DF /* ViewController.m in Sources */ = {isa = PBXBuildFile; fileRef = C74443E21D2FD3CD008D50DF /* ViewController.m */; };
		C74443E61D2FD3CD008D50DF /* Main.storyboard in Resources */ = {isa = PBXBuildFile; fileRef = C74443E41D2FD3CD008D50DF /* Main.storyboard */; };
		C74443E81D2FD3CD008D50DF /* Assets.xcassets in Resources */ = {isa = PBXBuildFile; fileRef = C74443E71D2FD3CD008D50DF /* Assets.xcassets */; };
		C74443EB1D2FD3CD008D50DF /* LaunchScreen.storyboard in Resources */ = {isa = PBXBuildFile; fileRef = C74443E91D2FD3CD008D50DF /* LaunchScreen.storyboard */; };
/* End PBXBuildFile section */

/* Begin PBXFileReference section */
		6D16A95D1D33EB5700C841E0 /* HypnosisView.h */ = {isa = PBXFileReference; fileEncoding = 4; lastKnownFileType = sourcecode.c.h; name = HypnosisView.h; path = ../HypnosisView.h; sourceTree = "<group>"; };
		6D16A95E1D33EB5700C841E0 /* HypnosisView.m */ = {isa = PBXFileReference; fileEncoding = 4; lastKnownFileType = sourcecode.c.objc; name = HypnosisView.m; path = ../HypnosisView.m; sourceTree = "<group>"; };
		C74443D81D2FD3CD008D50DF /* Hypnosister.app */ = {isa = PBXFileReference; explicitFileType = wrapper.application; includeInIndex = 0; path = Hypnosister.app; sourceTree = BUILT_PRODUCTS_DIR; };
		C74443DC1D2FD3CD008D50DF /* main.m */ = {isa = PBXFileReference; lastKnownFileType = sourcecode.c.objc; path = main.m; sourceTree = "<group>"; };
		C74443DE1D2FD3CD008D50DF /* AppDelegate.h */ = {isa = PBXFileReference; lastKnownFileType = sourcecode.c.h; path = AppDelegate.h; sourceTree = "<group>"; };
		C74443DF1D2FD3CD008D50DF /* AppDelegate.m */ = {isa = PBXFileReference; lastKnownFileType = sourcecode.c.objc; path = AppDelegate.m; sourceTree = "<group>"; };
		C74443E11D2FD3CD008D50DF /* ViewController.h */ = {isa = PBXFileReference; lastKnownFileType = sourcecode.c.h; path = ViewController.h; sourceTree = "<group>"; };
		C74443E21D2FD3CD008D50DF /* ViewController.m */ = {isa = PBXFileReference; lastKnownFileType = sourcecode.c.objc; path = ViewController.m; sourceTree = "<group>"; };
		C74443E51D2FD3CD008D50DF /* Base */ = {isa = PBXFileReference; lastKnownFileType = file.storyboard; name = Base; path = Base.lproj/Main.storyboard; sourceTree = "<group>"; };
		C74443E71D2FD3CD008D50DF /* Assets.xcassets */ = {isa = PBXFileReference; lastKnownFileType = folder.assetcatalog; path = Assets.xcassets; sourceTree = "<group>"; };
		C74443EA1D2FD3CD008D50DF /* Base */ = {isa = PBXFileReference; lastKnownFileType = file.storyboard; name = Base; path = Base.lproj/LaunchScreen.storyboard; sourceTree = "<group>"; };
		C74443EC1D2FD3CD008D50DF /* Info.plist */ = {isa = PBXFileReference; lastKnownFileType = text.plist.xml; path = Info.plist; sourceTree = "<group>"; };
/* End PBXFileReference section */

/* Begin PBXFrameworksBuildPhase section */
		C74443D51D2FD3CD008D50DF /* Frameworks */ = {
			isa = PBXFrameworksBuildPhase;
			buildActionMask = 2147483647;
			files = (
			);
			runOnlyForDeploymentPostprocessing = 0;
		};
/* End PBXFrameworksBuildPhase section */

/* Begin PBXGroup section */
		C74443CF1D2FD3CD008D50DF = {
			isa = PBXGroup;
			children = (
				C74443DA1D2FD3CD008D50DF /* Hypnosister */,
				C74443D91D2FD3CD008D50DF /* Products */,
			);
			sourceTree = "<group>";
		};
		C74443D91D2FD3CD008D50DF /* Products */ = {
			isa = PBXGroup;
			children = (
				C74443D81D2FD3CD008D50DF /* Hypnosister.app */,
			);
			name = Products;
			sourceTree = "<group>";
		};
		C74443DA1D2FD3CD008D50DF /* Hypnosister */ = {
			isa = PBXGroup;
			children = (
				6D16A95D1D33EB5700C841E0 /* HypnosisView.h */,
				6D16A95E1D33EB5700C841E0 /* HypnosisView.m */,
				C74443DE1D2FD3CD008D50DF /* AppDelegate.h */,
				C74443DF1D2FD3CD008D50DF /* AppDelegate.m */,
				C74443E11D2FD3CD008D50DF /* ViewController.h */,
				C74443E21D2FD3CD008D50DF /* ViewController.m */,
				C74443E41D2FD3CD008D50DF /* Main.storyboard */,
				C74443E71D2FD3CD008D50DF /* Assets.xcassets */,
				C74443E91D2FD3CD008D50DF /* LaunchScreen.storyboard */,
				C74443EC1D2FD3CD008D50DF /* Info.plist */,
				C74443DB1D2FD3CD008D50DF /* Supporting Files */,
			);
			path = Hypnosister;
			sourceTree = "<group>";
		};
		C74443DB1D2FD3CD008D50DF /* Supporting Files */ = {
			isa = PBXGroup;
			children = (
				C74443DC1D2FD3CD008D50DF /* main.m */,
			);
			name = "Supporting Files";
			sourceTree = "<group>";
		};
/* End PBXGroup section */

/* Begin PBXNativeTarget section */
		C74443D71D2FD3CD008D50DF /* Hypnosister */ = {
			isa = PBXNativeTarget;
			buildConfigurationList = C74443EF1D2FD3CD008D50DF /* Build configuration list for PBXNativeTarget "Hypnosister" */;
			buildPhases = (
				C74443D41D2FD3CD008D50DF /* Sources */,
				C74443D51D2FD3CD008D50DF /* Frameworks */,
				C74443D61D2FD3CD008D50DF /* Resources */,
			);
			buildRules = (
			);
			dependencies = (
			);
			name = Hypnosister;
			productName = Hypnosister;
			productReference = C74443D81D2FD3CD008D50DF /* Hypnosister.app */;
			productType = "com.apple.product-type.application";
		};
/* End PBXNativeTarget section */

/* Begin PBXProject section */
		C74443D01D2FD3CD008D50DF /* Project object */ = {
			isa = PBXProject;
			attributes = {
				LastUpgradeCheck = 0730;
				ORGANIZATIONNAME = "Big Nerd Ranch";
				TargetAttributes = {
					C74443D71D2FD3CD008D50DF = {
						CreatedOnToolsVersion = 7.3;
					};
				};
			};
			buildConfigurationList = C74443D31D2FD3CD008D50DF /* Build configuration list for PBXProject "Hypnosister" */;
			compatibilityVersion = "Xcode 3.2";
			developmentRegion = English;
			hasScannedForEncodings = 0;
			knownRegions = (
				en,
				Base,
			);
			mainGroup = C74443CF1D2FD3CD008D50DF;
			productRefGroup = C74443D91D2FD3CD008D50DF /* Products */;
			projectDirPath = "";
			projectRoot = "";
			targets = (
				C74443D71D2FD3CD008D50DF /* Hypnosister */,
			);
		};
/* End PBXProject section */

/* Begin PBXResourcesBuildPhase section */
		C74443D61D2FD3CD008D50DF /* Resources */ = {
			isa = PBXResourcesBuildPhase;
			buildActionMask = 2147483647;
			files = (
				C74443EB1D2FD3CD008D50DF /* LaunchScreen.storyboard in Resources */,
				C74443E81D2FD3CD008D50DF /* Assets.xcassets in Resources */,
				C74443E61D2FD3CD008D50DF /* Main.storyboard in Resources */,
			);
			runOnlyForDeploymentPostprocessing = 0;
		};
/* End PBXResourcesBuildPhase section */

/* Begin PBXSourcesBuildPhase section */
		C74443D41D2FD3CD008D50DF /* Sources */ = {
			isa = PBXSourcesBuildPhase;
			buildActionMask = 2147483647;
			files = (
				C74443E31D2FD3CD008D50DF /* ViewController.m in Sources */,
				6D16A95F1D33EB5700C841E0 /* HypnosisView.m in Sources */,
				C74443E01D2FD3CD008D50DF /* AppDelegate.m in Sources */,
				C74443DD1D2FD3CD008D50DF /* main.m in Sources */,
			);
			runOnlyForDeploymentPostprocessing = 0;
		};
/* End PBXSourcesBuildPhase section */

/* Begin PBXVariantGroup section */
		C74443E41D2FD3CD008D50DF /* Main.storyboard */ = {
			isa = PBXVariantGroup;
			children = (
				C74443E51D2FD3CD008D50DF /* Base */,
			);
			name = Main.storyboard;
			sourceTree = "<group>";
		};
		C74443E91D2FD3CD008D50DF /* LaunchScreen.storyboard */ = {
			isa = PBXVariantGroup;
			children = (
				C74443EA1D2FD3CD008D50DF /* Base */,
			);
			name = LaunchScreen.storyboard;
			sourceTree = "<group>";
		};
/* End PBXVariantGroup section */

/* Begin XCBuildConfiguration section */
		C74443ED1D2FD3CD008D50DF /* Debug */ = {
			isa = XCBuildConfiguration;
			buildSettings = {
				ALWAYS_SEARCH_USER_PATHS = NO;
				CLANG_ANALYZER_NONNULL = YES;
				CLANG_CXX_LANGUAGE_STANDARD = "gnu++0x";
				CLANG_CXX_LIBRARY = "libc++";
				CLANG_ENABLE_MODULES = YES;
				CLANG_ENABLE_OBJC_ARC = YES;
				CLANG_WARN_BOOL_CONVERSION = YES;
				CLANG_WARN_CONSTANT_CONVERSION = YES;
				CLANG_WARN_DIRECT_OBJC_ISA_USAGE = YES_ERROR;
				CLANG_WARN_EMPTY_BODY = YES;
				CLANG_WARN_ENUM_CONVERSION = YES;
				CLANG_WARN_INT_CONVERSION = YES;
				CLANG_WARN_OBJC_ROOT_CLASS = YES_ERROR;
				CLANG_WARN_UNREACHABLE_CODE = YES;
				CLANG_WARN__DUPLICATE_METHOD_MATCH = YES;
				"CODE_SIGN_IDENTITY[sdk=iphoneos*]" = "iPhone Developer";
				COPY_PHASE_STRIP = NO;
				DEBUG_INFORMATION_FORMAT = dwarf;
				ENABLE_STRICT_OBJC_MSGSEND = YES;
				ENABLE_TESTABILITY = YES;
				GCC_C_LANGUAGE_STANDARD = gnu99;
				GCC_DYNAMIC_NO_PIC = NO;
				GCC_NO_COMMON_BLOCKS = YES;
				GCC_OPTIMIZATION_LEVEL = 0;
				GCC_PREPROCESSOR_DEFINITIONS = (
					"DEBUG=1",
					"$(inherited)",
				);
				GCC_WARN_64_TO_32_BIT_CONVERSION = YES;
				GCC_WARN_ABOUT_RETURN_TYPE = YES_ERROR;
				GCC_WARN_UNDECLARED_SELECTOR = YES;
				GCC_WARN_UNINITIALIZED_AUTOS = YES_AGGRESSIVE;
				GCC_WARN_UNUSED_FUNCTION = YES;
				GCC_WARN_UNUSED_VARIABLE = YES;
				IPHONEOS_DEPLOYMENT_TARGET = 9.3;
				MTL_ENABLE_DEBUG_INFO = YES;
				ONLY_ACTIVE_ARCH = YES;
				SDKROOT = iphoneos;
			};
			name = Debug;
		};
		C74443EE1D2FD3CD008D50DF /* Release */ = {
			isa = XCBuildConfiguration;
			buildSettings = {
				ALWAYS_SEARCH_USER_PATHS = NO;
				CLANG_ANALYZER_NONNULL = YES;
				CLANG_CXX_LANGUAGE_STANDARD = "gnu++0x";
				CLANG_CXX_LIBRARY = "libc++";
				CLANG_ENABLE_MODULES = YES;
				CLANG_ENABLE_OBJC_ARC = YES;
				CLANG_WARN_BOOL_CONVERSION = YES;
				CLANG_WARN_CONSTANT_CONVERSION = YES;
				CLANG_WARN_DIRECT_OBJC_ISA_USAGE = YES_ERROR;
				CLANG_WARN_EMPTY_BODY = YES;
				CLANG_WARN_ENUM_CONVERSION = YES;
				CLANG_WARN_INT_CONVERSION = YES;
				CLANG_WARN_OBJC_ROOT_CLASS = YES_ERROR;
				CLANG_WARN_UNREACHABLE_CODE = YES;
				CLANG_WARN__DUPLICATE_METHOD_MATCH = YES;
				"CODE_SIGN_IDENTITY[sdk=iphoneos*]" = "iPhone Developer";
				COPY_PHASE_STRIP = NO;
				DEBUG_INFORMATION_FORMAT = "dwarf-with-dsym";
				ENABLE_NS_ASSERTIONS = NO;
				ENABLE_STRICT_OBJC_MSGSEND = YES;
				GCC_C_LANGUAGE_STANDARD = gnu99;
				GCC_NO_COMMON_BLOCKS = YES;
				GCC_WARN_64_TO_32_BIT_CONVERSION = YES;
				GCC_WARN_ABOUT_RETURN_TYPE = YES_ERROR;
				GCC_WARN_UNDECLARED_SELECTOR = YES;
				GCC_WARN_UNINITIALIZED_AUTOS = YES_AGGRESSIVE;
				GCC_WARN_UNUSED_FUNCTION = YES;
				GCC_WARN_UNUSED_VARIABLE = YES;
				IPHONEOS_DEPLOYMENT_TARGET = 9.3;
				MTL_ENABLE_DEBUG_INFO = NO;
				SDKROOT = iphoneos;
				VALIDATE_PRODUCT = YES;
			};
			name = Release;
		};
		C74443F01D2FD3CD008D50DF /* Debug */ = {
			isa = XCBuildConfiguration;
			buildSettings = {
				ASSETCATALOG_COMPILER_APPICON_NAME = AppIcon;
				INFOPLIST_FILE = Hypnosister/Info.plist;
				LD_RUNPATH_SEARCH_PATHS = "$(inherited) @executable_path/Frameworks";
				PRODUCT_BUNDLE_IDENTIFIER = com.bignerdranch.Hypnosister;
				PRODUCT_NAME = "$(TARGET_NAME)";
			};
			name = Debug;
		};
		C74443F11D2FD3CD008D50DF /* Release */ = {
			isa = XCBuildConfiguration;
			buildSettings = {
				ASSETCATALOG_COMPILER_APPICON_NAME = AppIcon;
				INFOPLIST_FILE = Hypnosister/Info.plist;
				LD_RUNPATH_SEARCH_PATHS = "$(inherited) @executable_path/Frameworks";
				PRODUCT_BUNDLE_IDENTIFIER = com.bignerdranch.Hypnosister;
				PRODUCT_NAME = "$(TARGET_NAME)";
			};
			name = Release;
		};
/* End XCBuildConfiguration section */

/* Begin XCConfigurationList section */
		C74443D31D2FD3CD008D50DF /* Build configuration list for PBXProject "Hypnosister" */ = {
			isa = XCConfigurationList;
			buildConfigurations = (
				C74443ED1D2FD3CD008D50DF /* Debug */,
				C74443EE1D2FD3CD008D50DF /* Release */,
			);
			defaultConfigurationIsVisible = 0;
			defaultConfigurationName = Release;
		};
		C74443EF1D2FD3CD008D50DF /* Build configuration list for PBXNativeTarget "Hypnosister" */ = {
			isa = XCConfigurationList;
			buildConfigurations = (
				C74443F01D2FD3CD008D50DF /* Debug */,
				C74443F11D2FD3CD008D50DF /* Release */,
			);
			defaultConfigurationIsVisible = 0;
			defaultConfigurationName = Release;
		};
/* End XCConfigurationList section */
	};
	rootObject = C74443D01D2FD3CD008D50DF /* Project object */;
}
